
Microsoft Visual Studio Solution File, Format Version 12.00
# Visual Studio 15
Project("{FAE04EC0-301F-11D3-BF4B-00C04F79EFBC}") = "Assembly-CSharp", "Assembly-CSharp.csproj", "{F4AFB8FF-95F8-C95D-4DE4-C3FDC2824B94}"
EndProject
Project("{FAE04EC0-301F-11D3-BF4B-00C04F79EFBC}") = "Assembly-CSharp-Editor", "Assembly-CSharp-Editor.csproj", "{15E63DB8-EBBC-98ED-64CE-F609B9D1744C}"
EndProject
Global
	GlobalSection(SolutionConfigurationPlatforms) = preSolution
		Debug|Any CPU = Debug|Any CPU
		Release|Any CPU = Release|Any CPU
	EndGlobalSection
	GlobalSection(ProjectConfigurationPlatforms) = postSolution
		{F4AFB8FF-95F8-C95D-4DE4-C3FDC2824B94}.Debug|Any CPU.ActiveCfg = Debug|Any CPU
		{F4AFB8FF-95F8-C95D-4DE4-C3FDC2824B94}.Debug|Any CPU.Build.0 = Debug|Any CPU
		{F4AFB8FF-95F8-C95D-4DE4-C3FDC2824B94}.Release|Any CPU.ActiveCfg = Release|Any CPU
		{F4AFB8FF-95F8-C95D-4DE4-C3FDC2824B94}.Release|Any CPU.Build.0 = Release|Any CPU
		{15E63DB8-EBBC-98ED-64CE-F609B9D1744C}.Debug|Any CPU.ActiveCfg = Debug|Any CPU
		{15E63DB8-EBBC-98ED-64CE-F609B9D1744C}.Debug|Any CPU.Build.0 = Debug|Any CPU
		{15E63DB8-EBBC-98ED-64CE-F609B9D1744C}.Release|Any CPU.ActiveCfg = Release|Any CPU
		{15E63DB8-EBBC-98ED-64CE-F609B9D1744C}.Release|Any CPU.Build.0 = Release|Any CPU
	EndGlobalSection
	GlobalSection(SolutionProperties) = preSolution
		HideSolutionNode = FALSE
	EndGlobalSection
EndGlobal
